// !$*UTF8*$!
{
	archiveVersion = 1;
	classes = {
	};
	objectVersion = 46;
	objects = {

/* Begin PBXBuildFile section */
		07D433CB1893A7DA002966BD /* PlayListViewViewController.m in Sources */ = {isa = PBXBuildFile; fileRef = 07D433CA1893A7DA002966BD /* PlayListViewViewController.m */; };
		07D433D41893C024002966BD /* HostViewController.m in Sources */ = {isa = PBXBuildFile; fileRef = 07D433D31893C024002966BD /* HostViewController.m */; };
		6C3F642218939DA6000332B5 /* Foundation.framework in Frameworks */ = {isa = PBXBuildFile; fileRef = 6C3F642118939DA6000332B5 /* Foundation.framework */; };
		6C3F642418939DA6000332B5 /* CoreGraphics.framework in Frameworks */ = {isa = PBXBuildFile; fileRef = 6C3F642318939DA6000332B5 /* CoreGraphics.framework */; };
		6C3F642618939DA6000332B5 /* UIKit.framework in Frameworks */ = {isa = PBXBuildFile; fileRef = 6C3F642518939DA6000332B5 /* UIKit.framework */; };
		6C3F642C18939DA6000332B5 /* InfoPlist.strings in Resources */ = {isa = PBXBuildFile; fileRef = 6C3F642A18939DA6000332B5 /* InfoPlist.strings */; };
		6C3F642E18939DA6000332B5 /* main.m in Sources */ = {isa = PBXBuildFile; fileRef = 6C3F642D18939DA6000332B5 /* main.m */; };
		6C3F643218939DA6000332B5 /* AppDelegate.m in Sources */ = {isa = PBXBuildFile; fileRef = 6C3F643118939DA6000332B5 /* AppDelegate.m */; };
		6C3F643518939DA6000332B5 /* Main.storyboard in Resources */ = {isa = PBXBuildFile; fileRef = 6C3F643318939DA6000332B5 /* Main.storyboard */; };
		6C3F643A18939DA6000332B5 /* Images.xcassets in Resources */ = {isa = PBXBuildFile; fileRef = 6C3F643918939DA6000332B5 /* Images.xcassets */; };
		6C3F644118939DA6000332B5 /* XCTest.framework in Frameworks */ = {isa = PBXBuildFile; fileRef = 6C3F644018939DA6000332B5 /* XCTest.framework */; };
		6C3F644218939DA6000332B5 /* Foundation.framework in Frameworks */ = {isa = PBXBuildFile; fileRef = 6C3F642118939DA6000332B5 /* Foundation.framework */; };
		6C3F644318939DA6000332B5 /* UIKit.framework in Frameworks */ = {isa = PBXBuildFile; fileRef = 6C3F642518939DA6000332B5 /* UIKit.framework */; };
		6C3F644B18939DA6000332B5 /* InfoPlist.strings in Resources */ = {isa = PBXBuildFile; fileRef = 6C3F644918939DA6000332B5 /* InfoPlist.strings */; };
		6C3F644D18939DA6000332B5 /* BlareTests.m in Sources */ = {isa = PBXBuildFile; fileRef = 6C3F644C18939DA6000332B5 /* BlareTests.m */; };
		6C3F645818939F58000332B5 /* HomeViewController.m in Sources */ = {isa = PBXBuildFile; fileRef = 6C3F645718939F58000332B5 /* HomeViewController.m */; };
		6C3F645D1893A5F7000332B5 /* MediaPlayer.framework in Frameworks */ = {isa = PBXBuildFile; fileRef = 6C3F645C1893A5F7000332B5 /* MediaPlayer.framework */; };
		6C3F64791893AB4C000332B5 /* NSMutableArray+QueueMethods.m in Sources */ = {isa = PBXBuildFile; fileRef = 6C3F64611893AB4C000332B5 /* NSMutableArray+QueueMethods.m */; };
		6C3F647A1893AB4C000332B5 /* TDAudioFileStream.m in Sources */ = {isa = PBXBuildFile; fileRef = 6C3F64641893AB4C000332B5 /* TDAudioFileStream.m */; };
		6C3F647B1893AB4C000332B5 /* TDAudioQueue.m in Sources */ = {isa = PBXBuildFile; fileRef = 6C3F64661893AB4C000332B5 /* TDAudioQueue.m */; };
		6C3F647C1893AB4C000332B5 /* TDAudioQueueBuffer.m in Sources */ = {isa = PBXBuildFile; fileRef = 6C3F64681893AB4C000332B5 /* TDAudioQueueBuffer.m */; };
		6C3F647D1893AB4C000332B5 /* TDAudioQueueBufferManager.m in Sources */ = {isa = PBXBuildFile; fileRef = 6C3F646A1893AB4C000332B5 /* TDAudioQueueBufferManager.m */; };
		6C3F647E1893AB4C000332B5 /* TDAudioQueueController.m in Sources */ = {isa = PBXBuildFile; fileRef = 6C3F646C1893AB4C000332B5 /* TDAudioQueueController.m */; };
		6C3F647F1893AB4C000332B5 /* TDAudioQueueFiller.m in Sources */ = {isa = PBXBuildFile; fileRef = 6C3F646E1893AB4C000332B5 /* TDAudioQueueFiller.m */; };
		6C3F64801893AB4C000332B5 /* TDAudioStream.m in Sources */ = {isa = PBXBuildFile; fileRef = 6C3F64701893AB4C000332B5 /* TDAudioStream.m */; };
		6C3F64811893AB4C000332B5 /* TDAudioInputStreamer.m in Sources */ = {isa = PBXBuildFile; fileRef = 6C3F64721893AB4C000332B5 /* TDAudioInputStreamer.m */; };
		6C3F64821893AB4C000332B5 /* TDAudioOutputStreamer.m in Sources */ = {isa = PBXBuildFile; fileRef = 6C3F64741893AB4C000332B5 /* TDAudioOutputStreamer.m */; };
		6C3F64831893AB4C000332B5 /* TDAudioStreamer.m in Sources */ = {isa = PBXBuildFile; fileRef = 6C3F64761893AB4C000332B5 /* TDAudioStreamer.m */; };
		6C3F64841893AB4C000332B5 /* TDAudioStreamerConstants.m in Sources */ = {isa = PBXBuildFile; fileRef = 6C3F64781893AB4C000332B5 /* TDAudioStreamerConstants.m */; };
		6C3F64871893AC95000332B5 /* TDSession.m in Sources */ = {isa = PBXBuildFile; fileRef = 6C3F64861893AC95000332B5 /* TDSession.m */; };
		6C3F648A1893AD91000332B5 /* MultipeerConnectivity.framework in Frameworks */ = {isa = PBXBuildFile; fileRef = 6C3F64891893AD91000332B5 /* MultipeerConnectivity.framework */; };
		6C3F648C1893ADD3000332B5 /* AudioToolbox.framework in Frameworks */ = {isa = PBXBuildFile; fileRef = 6C3F648B1893ADD3000332B5 /* AudioToolbox.framework */; };
		6C3F648E1893ADDF000332B5 /* AVFoundation.framework in Frameworks */ = {isa = PBXBuildFile; fileRef = 6C3F648D1893ADDF000332B5 /* AVFoundation.framework */; };
		6CD66EA71893FB56001932E2 /* TDMultipeerGuestViewController.m in Sources */ = {isa = PBXBuildFile; fileRef = 6CD66EA41893FB56001932E2 /* TDMultipeerGuestViewController.m */; };
		6CD66EA81893FB56001932E2 /* TDMultipeerHostViewController.m in Sources */ = {isa = PBXBuildFile; fileRef = 6CD66EA61893FB56001932E2 /* TDMultipeerHostViewController.m */; };
		708422531893DDD100E48427 /* host.png in Resources */ = {isa = PBXBuildFile; fileRef = 708422471893DDD100E48427 /* host.png */; };
		708422541893DDD100E48427 /* host@2x.png in Resources */ = {isa = PBXBuildFile; fileRef = 708422481893DDD100E48427 /* host@2x.png */; };
		708422551893DDD100E48427 /* listen.png in Resources */ = {isa = PBXBuildFile; fileRef = 708422491893DDD100E48427 /* listen.png */; };
		708422561893DDD100E48427 /* listen@2x.png in Resources */ = {isa = PBXBuildFile; fileRef = 7084224A1893DDD100E48427 /* listen@2x.png */; };
		708422571893DDD100E48427 /* logo.png in Resources */ = {isa = PBXBuildFile; fileRef = 7084224B1893DDD100E48427 /* logo.png */; };
		708422581893DDD100E48427 /* logo@2x.png in Resources */ = {isa = PBXBuildFile; fileRef = 7084224C1893DDD100E48427 /* logo@2x.png */; };
		708422591893DDD100E48427 /* MainMenuBG-568h@2x.png in Resources */ = {isa = PBXBuildFile; fileRef = 7084224D1893DDD100E48427 /* MainMenuBG-568h@2x.png */; };
		7084225A1893DDD100E48427 /* MainMenuBG.png in Resources */ = {isa = PBXBuildFile; fileRef = 7084224E1893DDD100E48427 /* MainMenuBG.png */; };
		7084225B1893DDD100E48427 /* MainMenuBG@2x.png in Resources */ = {isa = PBXBuildFile; fileRef = 7084224F1893DDD100E48427 /* MainMenuBG@2x.png */; };
		7084225C1893DDD100E48427 /* music.jpg in Resources */ = {isa = PBXBuildFile; fileRef = 708422501893DDD100E48427 /* music.jpg */; };
		7084225D1893DDD100E48427 /* NavBarBG.png in Resources */ = {isa = PBXBuildFile; fileRef = 708422511893DDD100E48427 /* NavBarBG.png */; };
		7084225E1893DDD100E48427 /* NavBarBG@2x.png in Resources */ = {isa = PBXBuildFile; fileRef = 708422521893DDD100E48427 /* NavBarBG@2x.png */; };
		708422621893F05700E48427 /* HostBG-568h@2x.png in Resources */ = {isa = PBXBuildFile; fileRef = 7084225F1893F05600E48427 /* HostBG-568h@2x.png */; };
		708422631893F05700E48427 /* HostBG.png in Resources */ = {isa = PBXBuildFile; fileRef = 708422601893F05600E48427 /* HostBG.png */; };
		708422641893F05700E48427 /* HostBG@2x.png in Resources */ = {isa = PBXBuildFile; fileRef = 708422611893F05700E48427 /* HostBG@2x.png */; };
/* End PBXBuildFile section */

/* Begin PBXContainerItemProxy section */
		6C3F644418939DA6000332B5 /* PBXContainerItemProxy */ = {
			isa = PBXContainerItemProxy;
			containerPortal = 6C3F641618939DA6000332B5 /* Project object */;
			proxyType = 1;
			remoteGlobalIDString = 6C3F641D18939DA6000332B5;
			remoteInfo = Blare;
		};
/* End PBXContainerItemProxy section */

/* Begin PBXFileReference section */
		07D433C91893A7DA002966BD /* PlayListViewViewController.h */ = {isa = PBXFileReference; fileEncoding = 4; lastKnownFileType = sourcecode.c.h; path = PlayListViewViewController.h; sourceTree = "<group>"; };
		07D433CA1893A7DA002966BD /* PlayListViewViewController.m */ = {isa = PBXFileReference; fileEncoding = 4; lastKnownFileType = sourcecode.c.objc; path = PlayListViewViewController.m; sourceTree = "<group>"; };
		07D433D21893C024002966BD /* HostViewController.h */ = {isa = PBXFileReference; fileEncoding = 4; lastKnownFileType = sourcecode.c.h; path = HostViewController.h; sourceTree = "<group>"; };
		07D433D31893C024002966BD /* HostViewController.m */ = {isa = PBXFileReference; fileEncoding = 4; lastKnownFileType = sourcecode.c.objc; path = HostViewController.m; sourceTree = "<group>"; };
		6C3F641E18939DA6000332B5 /* Blare.app */ = {isa = PBXFileReference; explicitFileType = wrapper.application; includeInIndex = 0; path = Blare.app; sourceTree = BUILT_PRODUCTS_DIR; };
		6C3F642118939DA6000332B5 /* Foundation.framework */ = {isa = PBXFileReference; lastKnownFileType = wrapper.framework; name = Foundation.framework; path = System/Library/Frameworks/Foundation.framework; sourceTree = SDKROOT; };
		6C3F642318939DA6000332B5 /* CoreGraphics.framework */ = {isa = PBXFileReference; lastKnownFileType = wrapper.framework; name = CoreGraphics.framework; path = System/Library/Frameworks/CoreGraphics.framework; sourceTree = SDKROOT; };
		6C3F642518939DA6000332B5 /* UIKit.framework */ = {isa = PBXFileReference; lastKnownFileType = wrapper.framework; name = UIKit.framework; path = System/Library/Frameworks/UIKit.framework; sourceTree = SDKROOT; };
		6C3F642918939DA6000332B5 /* Blare-Info.plist */ = {isa = PBXFileReference; lastKnownFileType = text.plist.xml; path = "Blare-Info.plist"; sourceTree = "<group>"; };
		6C3F642B18939DA6000332B5 /* en */ = {isa = PBXFileReference; lastKnownFileType = text.plist.strings; name = en; path = en.lproj/InfoPlist.strings; sourceTree = "<group>"; };
		6C3F642D18939DA6000332B5 /* main.m */ = {isa = PBXFileReference; lastKnownFileType = sourcecode.c.objc; path = main.m; sourceTree = "<group>"; };
		6C3F642F18939DA6000332B5 /* Blare-Prefix.pch */ = {isa = PBXFileReference; lastKnownFileType = sourcecode.c.h; path = "Blare-Prefix.pch"; sourceTree = "<group>"; };
		6C3F643018939DA6000332B5 /* AppDelegate.h */ = {isa = PBXFileReference; lastKnownFileType = sourcecode.c.h; path = AppDelegate.h; sourceTree = "<group>"; };
		6C3F643118939DA6000332B5 /* AppDelegate.m */ = {isa = PBXFileReference; lastKnownFileType = sourcecode.c.objc; path = AppDelegate.m; sourceTree = "<group>"; };
		6C3F643418939DA6000332B5 /* Base */ = {isa = PBXFileReference; lastKnownFileType = file.storyboard; name = Base; path = Base.lproj/Main.storyboard; sourceTree = "<group>"; };
		6C3F643918939DA6000332B5 /* Images.xcassets */ = {isa = PBXFileReference; lastKnownFileType = folder.assetcatalog; path = Images.xcassets; sourceTree = "<group>"; };
		6C3F643F18939DA6000332B5 /* BlareTests.xctest */ = {isa = PBXFileReference; explicitFileType = wrapper.cfbundle; includeInIndex = 0; path = BlareTests.xctest; sourceTree = BUILT_PRODUCTS_DIR; };
		6C3F644018939DA6000332B5 /* XCTest.framework */ = {isa = PBXFileReference; lastKnownFileType = wrapper.framework; name = XCTest.framework; path = Library/Frameworks/XCTest.framework; sourceTree = DEVELOPER_DIR; };
		6C3F644818939DA6000332B5 /* BlareTests-Info.plist */ = {isa = PBXFileReference; lastKnownFileType = text.plist.xml; path = "BlareTests-Info.plist"; sourceTree = "<group>"; };
		6C3F644A18939DA6000332B5 /* en */ = {isa = PBXFileReference; lastKnownFileType = text.plist.strings; name = en; path = en.lproj/InfoPlist.strings; sourceTree = "<group>"; };
		6C3F644C18939DA6000332B5 /* BlareTests.m */ = {isa = PBXFileReference; lastKnownFileType = sourcecode.c.objc; path = BlareTests.m; sourceTree = "<group>"; };
		6C3F645618939F58000332B5 /* HomeViewController.h */ = {isa = PBXFileReference; fileEncoding = 4; lastKnownFileType = sourcecode.c.h; path = HomeViewController.h; sourceTree = "<group>"; };
		6C3F645718939F58000332B5 /* HomeViewController.m */ = {isa = PBXFileReference; fileEncoding = 4; lastKnownFileType = sourcecode.c.objc; path = HomeViewController.m; sourceTree = "<group>"; };
		6C3F645C1893A5F7000332B5 /* MediaPlayer.framework */ = {isa = PBXFileReference; lastKnownFileType = wrapper.framework; name = MediaPlayer.framework; path = System/Library/Frameworks/MediaPlayer.framework; sourceTree = SDKROOT; };
		6C3F64601893AB4C000332B5 /* NSMutableArray+QueueMethods.h */ = {isa = PBXFileReference; fileEncoding = 4; lastKnownFileType = sourcecode.c.h; path = "NSMutableArray+QueueMethods.h"; sourceTree = "<group>"; };
		6C3F64611893AB4C000332B5 /* NSMutableArray+QueueMethods.m */ = {isa = PBXFileReference; fileEncoding = 4; lastKnownFileType = sourcecode.c.objc; path = "NSMutableArray+QueueMethods.m"; sourceTree = "<group>"; };
		6C3F64631893AB4C000332B5 /* TDAudioFileStream.h */ = {isa = PBXFileReference; fileEncoding = 4; lastKnownFileType = sourcecode.c.h; path = TDAudioFileStream.h; sourceTree = "<group>"; };
		6C3F64641893AB4C000332B5 /* TDAudioFileStream.m */ = {isa = PBXFileReference; fileEncoding = 4; lastKnownFileType = sourcecode.c.objc; path = TDAudioFileStream.m; sourceTree = "<group>"; };
		6C3F64651893AB4C000332B5 /* TDAudioQueue.h */ = {isa = PBXFileReference; fileEncoding = 4; lastKnownFileType = sourcecode.c.h; path = TDAudioQueue.h; sourceTree = "<group>"; };
		6C3F64661893AB4C000332B5 /* TDAudioQueue.m */ = {isa = PBXFileReference; fileEncoding = 4; lastKnownFileType = sourcecode.c.objc; path = TDAudioQueue.m; sourceTree = "<group>"; };
		6C3F64671893AB4C000332B5 /* TDAudioQueueBuffer.h */ = {isa = PBXFileReference; fileEncoding = 4; lastKnownFileType = sourcecode.c.h; path = TDAudioQueueBuffer.h; sourceTree = "<group>"; };
		6C3F64681893AB4C000332B5 /* TDAudioQueueBuffer.m */ = {isa = PBXFileReference; fileEncoding = 4; lastKnownFileType = sourcecode.c.objc; path = TDAudioQueueBuffer.m; sourceTree = "<group>"; };
		6C3F64691893AB4C000332B5 /* TDAudioQueueBufferManager.h */ = {isa = PBXFileReference; fileEncoding = 4; lastKnownFileType = sourcecode.c.h; path = TDAudioQueueBufferManager.h; sourceTree = "<group>"; };
		6C3F646A1893AB4C000332B5 /* TDAudioQueueBufferManager.m */ = {isa = PBXFileReference; fileEncoding = 4; lastKnownFileType = sourcecode.c.objc; path = TDAudioQueueBufferManager.m; sourceTree = "<group>"; };
		6C3F646B1893AB4C000332B5 /* TDAudioQueueController.h */ = {isa = PBXFileReference; fileEncoding = 4; lastKnownFileType = sourcecode.c.h; path = TDAudioQueueController.h; sourceTree = "<group>"; };
		6C3F646C1893AB4C000332B5 /* TDAudioQueueController.m */ = {isa = PBXFileReference; fileEncoding = 4; lastKnownFileType = sourcecode.c.objc; path = TDAudioQueueController.m; sourceTree = "<group>"; };
		6C3F646D1893AB4C000332B5 /* TDAudioQueueFiller.h */ = {isa = PBXFileReference; fileEncoding = 4; lastKnownFileType = sourcecode.c.h; path = TDAudioQueueFiller.h; sourceTree = "<group>"; };
		6C3F646E1893AB4C000332B5 /* TDAudioQueueFiller.m */ = {isa = PBXFileReference; fileEncoding = 4; lastKnownFileType = sourcecode.c.objc; path = TDAudioQueueFiller.m; sourceTree = "<group>"; };
		6C3F646F1893AB4C000332B5 /* TDAudioStream.h */ = {isa = PBXFileReference; fileEncoding = 4; lastKnownFileType = sourcecode.c.h; path = TDAudioStream.h; sourceTree = "<group>"; };
		6C3F64701893AB4C000332B5 /* TDAudioStream.m */ = {isa = PBXFileReference; fileEncoding = 4; lastKnownFileType = sourcecode.c.objc; path = TDAudioStream.m; sourceTree = "<group>"; };
		6C3F64711893AB4C000332B5 /* TDAudioInputStreamer.h */ = {isa = PBXFileReference; fileEncoding = 4; lastKnownFileType = sourcecode.c.h; path = TDAudioInputStreamer.h; sourceTree = "<group>"; };
		6C3F64721893AB4C000332B5 /* TDAudioInputStreamer.m */ = {isa = PBXFileReference; fileEncoding = 4; lastKnownFileType = sourcecode.c.objc; path = TDAudioInputStreamer.m; sourceTree = "<group>"; };
		6C3F64731893AB4C000332B5 /* TDAudioOutputStreamer.h */ = {isa = PBXFileReference; fileEncoding = 4; lastKnownFileType = sourcecode.c.h; path = TDAudioOutputStreamer.h; sourceTree = "<group>"; };
		6C3F64741893AB4C000332B5 /* TDAudioOutputStreamer.m */ = {isa = PBXFileReference; fileEncoding = 4; lastKnownFileType = sourcecode.c.objc; path = TDAudioOutputStreamer.m; sourceTree = "<group>"; };
		6C3F64751893AB4C000332B5 /* TDAudioStreamer.h */ = {isa = PBXFileReference; fileEncoding = 4; lastKnownFileType = sourcecode.c.h; path = TDAudioStreamer.h; sourceTree = "<group>"; };
		6C3F64761893AB4C000332B5 /* TDAudioStreamer.m */ = {isa = PBXFileReference; fileEncoding = 4; lastKnownFileType = sourcecode.c.objc; path = TDAudioStreamer.m; sourceTree = "<group>"; };
		6C3F64771893AB4C000332B5 /* TDAudioStreamerConstants.h */ = {isa = PBXFileReference; fileEncoding = 4; lastKnownFileType = sourcecode.c.h; path = TDAudioStreamerConstants.h; sourceTree = "<group>"; };
		6C3F64781893AB4C000332B5 /* TDAudioStreamerConstants.m */ = {isa = PBXFileReference; fileEncoding = 4; lastKnownFileType = sourcecode.c.objc; path = TDAudioStreamerConstants.m; sourceTree = "<group>"; };
		6C3F64851893AC95000332B5 /* TDSession.h */ = {isa = PBXFileReference; fileEncoding = 4; lastKnownFileType = sourcecode.c.h; path = TDSession.h; sourceTree = "<group>"; };
		6C3F64861893AC95000332B5 /* TDSession.m */ = {isa = PBXFileReference; fileEncoding = 4; lastKnownFileType = sourcecode.c.objc; path = TDSession.m; sourceTree = "<group>"; };
		6C3F64891893AD91000332B5 /* MultipeerConnectivity.framework */ = {isa = PBXFileReference; lastKnownFileType = wrapper.framework; name = MultipeerConnectivity.framework; path = System/Library/Frameworks/MultipeerConnectivity.framework; sourceTree = SDKROOT; };
		6C3F648B1893ADD3000332B5 /* AudioToolbox.framework */ = {isa = PBXFileReference; lastKnownFileType = wrapper.framework; name = AudioToolbox.framework; path = System/Library/Frameworks/AudioToolbox.framework; sourceTree = SDKROOT; };
		6C3F648D1893ADDF000332B5 /* AVFoundation.framework */ = {isa = PBXFileReference; lastKnownFileType = wrapper.framework; name = AVFoundation.framework; path = System/Library/Frameworks/AVFoundation.framework; sourceTree = SDKROOT; };
		6CD66EA31893FB56001932E2 /* TDMultipeerGuestViewController.h */ = {isa = PBXFileReference; fileEncoding = 4; lastKnownFileType = sourcecode.c.h; path = TDMultipeerGuestViewController.h; sourceTree = "<group>"; };
		6CD66EA41893FB56001932E2 /* TDMultipeerGuestViewController.m */ = {isa = PBXFileReference; fileEncoding = 4; lastKnownFileType = sourcecode.c.objc; path = TDMultipeerGuestViewController.m; sourceTree = "<group>"; };
		6CD66EA51893FB56001932E2 /* TDMultipeerHostViewController.h */ = {isa = PBXFileReference; fileEncoding = 4; lastKnownFileType = sourcecode.c.h; path = TDMultipeerHostViewController.h; sourceTree = "<group>"; };
		6CD66EA61893FB56001932E2 /* TDMultipeerHostViewController.m */ = {isa = PBXFileReference; fileEncoding = 4; lastKnownFileType = sourcecode.c.objc; path = TDMultipeerHostViewController.m; sourceTree = "<group>"; };
		708422471893DDD100E48427 /* host.png */ = {isa = PBXFileReference; lastKnownFileType = image.png; path = host.png; sourceTree = "<group>"; };
		708422481893DDD100E48427 /* host@2x.png */ = {isa = PBXFileReference; lastKnownFileType = image.png; path = "host@2x.png"; sourceTree = "<group>"; };
		708422491893DDD100E48427 /* listen.png */ = {isa = PBXFileReference; lastKnownFileType = image.png; path = listen.png; sourceTree = "<group>"; };
		7084224A1893DDD100E48427 /* listen@2x.png */ = {isa = PBXFileReference; lastKnownFileType = image.png; path = "listen@2x.png"; sourceTree = "<group>"; };
		7084224B1893DDD100E48427 /* logo.png */ = {isa = PBXFileReference; lastKnownFileType = image.png; path = logo.png; sourceTree = "<group>"; };
		7084224C1893DDD100E48427 /* logo@2x.png */ = {isa = PBXFileReference; lastKnownFileType = image.png; path = "logo@2x.png"; sourceTree = "<group>"; };
		7084224D1893DDD100E48427 /* MainMenuBG-568h@2x.png */ = {isa = PBXFileReference; lastKnownFileType = image.png; path = "MainMenuBG-568h@2x.png"; sourceTree = "<group>"; };
		7084224E1893DDD100E48427 /* MainMenuBG.png */ = {isa = PBXFileReference; lastKnownFileType = image.png; path = MainMenuBG.png; sourceTree = "<group>"; };
		7084224F1893DDD100E48427 /* MainMenuBG@2x.png */ = {isa = PBXFileReference; lastKnownFileType = image.png; path = "MainMenuBG@2x.png"; sourceTree = "<group>"; };
		708422501893DDD100E48427 /* music.jpg */ = {isa = PBXFileReference; lastKnownFileType = image.jpeg; path = music.jpg; sourceTree = "<group>"; };
		708422511893DDD100E48427 /* NavBarBG.png */ = {isa = PBXFileReference; lastKnownFileType = image.png; path = NavBarBG.png; sourceTree = "<group>"; };
		708422521893DDD100E48427 /* NavBarBG@2x.png */ = {isa = PBXFileReference; lastKnownFileType = image.png; path = "NavBarBG@2x.png"; sourceTree = "<group>"; };
		7084225F1893F05600E48427 /* HostBG-568h@2x.png */ = {isa = PBXFileReference; lastKnownFileType = image.png; path = "HostBG-568h@2x.png"; sourceTree = "<group>"; };
		708422601893F05600E48427 /* HostBG.png */ = {isa = PBXFileReference; lastKnownFileType = image.png; path = HostBG.png; sourceTree = "<group>"; };
		708422611893F05700E48427 /* HostBG@2x.png */ = {isa = PBXFileReference; lastKnownFileType = image.png; path = "HostBG@2x.png"; sourceTree = "<group>"; };
/* End PBXFileReference section */

/* Begin PBXFrameworksBuildPhase section */
		6C3F641B18939DA6000332B5 /* Frameworks */ = {
			isa = PBXFrameworksBuildPhase;
			buildActionMask = 2147483647;
			files = (
				6C3F648E1893ADDF000332B5 /* AVFoundation.framework in Frameworks */,
				6C3F648C1893ADD3000332B5 /* AudioToolbox.framework in Frameworks */,
				6C3F648A1893AD91000332B5 /* MultipeerConnectivity.framework in Frameworks */,
				6C3F645D1893A5F7000332B5 /* MediaPlayer.framework in Frameworks */,
				6C3F642418939DA6000332B5 /* CoreGraphics.framework in Frameworks */,
				6C3F642618939DA6000332B5 /* UIKit.framework in Frameworks */,
				6C3F642218939DA6000332B5 /* Foundation.framework in Frameworks */,
			);
			runOnlyForDeploymentPostprocessing = 0;
		};
		6C3F643C18939DA6000332B5 /* Frameworks */ = {
			isa = PBXFrameworksBuildPhase;
			buildActionMask = 2147483647;
			files = (
				6C3F644118939DA6000332B5 /* XCTest.framework in Frameworks */,
				6C3F644318939DA6000332B5 /* UIKit.framework in Frameworks */,
				6C3F644218939DA6000332B5 /* Foundation.framework in Frameworks */,
			);
			runOnlyForDeploymentPostprocessing = 0;
		};
/* End PBXFrameworksBuildPhase section */

/* Begin PBXGroup section */
		6C3F641518939DA6000332B5 = {
			isa = PBXGroup;
			children = (
				6C3F642718939DA6000332B5 /* Blare */,
				6C3F644618939DA6000332B5 /* BlareTests */,
				6C3F642018939DA6000332B5 /* Frameworks */,
				6C3F641F18939DA6000332B5 /* Products */,
				7084221E1893C95400E48427 /* Graphics */,
			);
			sourceTree = "<group>";
		};
		6C3F641F18939DA6000332B5 /* Products */ = {
			isa = PBXGroup;
			children = (
				6C3F641E18939DA6000332B5 /* Blare.app */,
				6C3F643F18939DA6000332B5 /* BlareTests.xctest */,
			);
			name = Products;
			sourceTree = "<group>";
		};
		6C3F642018939DA6000332B5 /* Frameworks */ = {
			isa = PBXGroup;
			children = (
				6C3F648D1893ADDF000332B5 /* AVFoundation.framework */,
				6C3F648B1893ADD3000332B5 /* AudioToolbox.framework */,
				6C3F64891893AD91000332B5 /* MultipeerConnectivity.framework */,
				6C3F645C1893A5F7000332B5 /* MediaPlayer.framework */,
				6C3F642118939DA6000332B5 /* Foundation.framework */,
				6C3F642318939DA6000332B5 /* CoreGraphics.framework */,
				6C3F642518939DA6000332B5 /* UIKit.framework */,
				6C3F644018939DA6000332B5 /* XCTest.framework */,
			);
			name = Frameworks;
			sourceTree = "<group>";
		};
		6C3F642718939DA6000332B5 /* Blare */ = {
			isa = PBXGroup;
			children = (
				6CD66EA21893FB56001932E2 /* Views */,
				6C3F64881893AD4F000332B5 /* Audio Session Classes */,
				6C3F645E1893AB4C000332B5 /* AudioStreamer */,
				6C3F643018939DA6000332B5 /* AppDelegate.h */,
				6C3F643118939DA6000332B5 /* AppDelegate.m */,
				6C3F643318939DA6000332B5 /* Main.storyboard */,
				07D433C91893A7DA002966BD /* PlayListViewViewController.h */,
				07D433CA1893A7DA002966BD /* PlayListViewViewController.m */,
				07D433D21893C024002966BD /* HostViewController.h */,
				07D433D31893C024002966BD /* HostViewController.m */,
				6C3F645618939F58000332B5 /* HomeViewController.h */,
				6C3F645718939F58000332B5 /* HomeViewController.m */,
				6C3F643918939DA6000332B5 /* Images.xcassets */,
				6C3F642818939DA6000332B5 /* Supporting Files */,
			);
			path = Blare;
			sourceTree = "<group>";
		};
		6C3F642818939DA6000332B5 /* Supporting Files */ = {
			isa = PBXGroup;
			children = (
				6C3F642918939DA6000332B5 /* Blare-Info.plist */,
				6C3F642A18939DA6000332B5 /* InfoPlist.strings */,
				6C3F642D18939DA6000332B5 /* main.m */,
				6C3F642F18939DA6000332B5 /* Blare-Prefix.pch */,
			);
			name = "Supporting Files";
			sourceTree = "<group>";
		};
		6C3F644618939DA6000332B5 /* BlareTests */ = {
			isa = PBXGroup;
			children = (
				6C3F644C18939DA6000332B5 /* BlareTests.m */,
				6C3F644718939DA6000332B5 /* Supporting Files */,
			);
			path = BlareTests;
			sourceTree = "<group>";
		};
		6C3F644718939DA6000332B5 /* Supporting Files */ = {
			isa = PBXGroup;
			children = (
				6C3F644818939DA6000332B5 /* BlareTests-Info.plist */,
				6C3F644918939DA6000332B5 /* InfoPlist.strings */,
			);
			name = "Supporting Files";
			sourceTree = "<group>";
		};
		6C3F645E1893AB4C000332B5 /* AudioStreamer */ = {
			isa = PBXGroup;
			children = (
				6C3F645F1893AB4C000332B5 /* Categories */,
				6C3F64621893AB4C000332B5 /* Classes */,
				6C3F64711893AB4C000332B5 /* TDAudioInputStreamer.h */,
				6C3F64721893AB4C000332B5 /* TDAudioInputStreamer.m */,
				6C3F64731893AB4C000332B5 /* TDAudioOutputStreamer.h */,
				6C3F64741893AB4C000332B5 /* TDAudioOutputStreamer.m */,
				6C3F64751893AB4C000332B5 /* TDAudioStreamer.h */,
				6C3F64761893AB4C000332B5 /* TDAudioStreamer.m */,
				6C3F64771893AB4C000332B5 /* TDAudioStreamerConstants.h */,
				6C3F64781893AB4C000332B5 /* TDAudioStreamerConstants.m */,
			);
			path = AudioStreamer;
			sourceTree = "<group>";
		};
		6C3F645F1893AB4C000332B5 /* Categories */ = {
			isa = PBXGroup;
			children = (
				6C3F64601893AB4C000332B5 /* NSMutableArray+QueueMethods.h */,
				6C3F64611893AB4C000332B5 /* NSMutableArray+QueueMethods.m */,
			);
			path = Categories;
			sourceTree = "<group>";
		};
		6C3F64621893AB4C000332B5 /* Classes */ = {
			isa = PBXGroup;
			children = (
				6C3F64631893AB4C000332B5 /* TDAudioFileStream.h */,
				6C3F64641893AB4C000332B5 /* TDAudioFileStream.m */,
				6C3F64651893AB4C000332B5 /* TDAudioQueue.h */,
				6C3F64661893AB4C000332B5 /* TDAudioQueue.m */,
				6C3F64671893AB4C000332B5 /* TDAudioQueueBuffer.h */,
				6C3F64681893AB4C000332B5 /* TDAudioQueueBuffer.m */,
				6C3F64691893AB4C000332B5 /* TDAudioQueueBufferManager.h */,
				6C3F646A1893AB4C000332B5 /* TDAudioQueueBufferManager.m */,
				6C3F646B1893AB4C000332B5 /* TDAudioQueueController.h */,
				6C3F646C1893AB4C000332B5 /* TDAudioQueueController.m */,
				6C3F646D1893AB4C000332B5 /* TDAudioQueueFiller.h */,
				6C3F646E1893AB4C000332B5 /* TDAudioQueueFiller.m */,
				6C3F646F1893AB4C000332B5 /* TDAudioStream.h */,
				6C3F64701893AB4C000332B5 /* TDAudioStream.m */,
			);
			path = Classes;
			sourceTree = "<group>";
		};
		6C3F64881893AD4F000332B5 /* Audio Session Classes */ = {
			isa = PBXGroup;
			children = (
				6C3F64851893AC95000332B5 /* TDSession.h */,
				6C3F64861893AC95000332B5 /* TDSession.m */,
			);
			name = "Audio Session Classes";
			sourceTree = "<group>";
		};
		6CD66EA21893FB56001932E2 /* Views */ = {
			isa = PBXGroup;
			children = (
				6CD66EA31893FB56001932E2 /* TDMultipeerGuestViewController.h */,
				6CD66EA41893FB56001932E2 /* TDMultipeerGuestViewController.m */,
				6CD66EA51893FB56001932E2 /* TDMultipeerHostViewController.h */,
				6CD66EA61893FB56001932E2 /* TDMultipeerHostViewController.m */,
			);
			path = Views;
			sourceTree = "<group>";
		};
		7084221E1893C95400E48427 /* Graphics */ = {
			isa = PBXGroup;
			children = (
				7084225F1893F05600E48427 /* HostBG-568h@2x.png */,
				708422601893F05600E48427 /* HostBG.png */,
				708422611893F05700E48427 /* HostBG@2x.png */,
				708422471893DDD100E48427 /* host.png */,
				708422481893DDD100E48427 /* host@2x.png */,
				708422491893DDD100E48427 /* listen.png */,
				7084224A1893DDD100E48427 /* listen@2x.png */,
				7084224B1893DDD100E48427 /* logo.png */,
				7084224C1893DDD100E48427 /* logo@2x.png */,
				7084224D1893DDD100E48427 /* MainMenuBG-568h@2x.png */,
				7084224E1893DDD100E48427 /* MainMenuBG.png */,
				7084224F1893DDD100E48427 /* MainMenuBG@2x.png */,
				708422501893DDD100E48427 /* music.jpg */,
				708422511893DDD100E48427 /* NavBarBG.png */,
				708422521893DDD100E48427 /* NavBarBG@2x.png */,
			);
			path = Graphics;
			sourceTree = "<group>";
		};
/* End PBXGroup section */

/* Begin PBXNativeTarget section */
		6C3F641D18939DA6000332B5 /* Blare */ = {
			isa = PBXNativeTarget;
			buildConfigurationList = 6C3F645018939DA6000332B5 /* Build configuration list for PBXNativeTarget "Blare" */;
			buildPhases = (
				6C3F641A18939DA6000332B5 /* Sources */,
				6C3F641B18939DA6000332B5 /* Frameworks */,
				6C3F641C18939DA6000332B5 /* Resources */,
			);
			buildRules = (
			);
			dependencies = (
			);
			name = Blare;
			productName = Blare;
			productReference = 6C3F641E18939DA6000332B5 /* Blare.app */;
			productType = "com.apple.product-type.application";
		};
		6C3F643E18939DA6000332B5 /* BlareTests */ = {
			isa = PBXNativeTarget;
			buildConfigurationList = 6C3F645318939DA6000332B5 /* Build configuration list for PBXNativeTarget "BlareTests" */;
			buildPhases = (
				6C3F643B18939DA6000332B5 /* Sources */,
				6C3F643C18939DA6000332B5 /* Frameworks */,
				6C3F643D18939DA6000332B5 /* Resources */,
			);
			buildRules = (
			);
			dependencies = (
				6C3F644518939DA6000332B5 /* PBXTargetDependency */,
			);
			name = BlareTests;
			productName = BlareTests;
			productReference = 6C3F643F18939DA6000332B5 /* BlareTests.xctest */;
			productType = "com.apple.product-type.bundle.unit-test";
		};
/* End PBXNativeTarget section */

/* Begin PBXProject section */
		6C3F641618939DA6000332B5 /* Project object */ = {
			isa = PBXProject;
			attributes = {
				LastUpgradeCheck = 0500;
				ORGANIZATIONNAME = "Spencer Yen";
				TargetAttributes = {
					6C3F643E18939DA6000332B5 = {
						TestTargetID = 6C3F641D18939DA6000332B5;
					};
				};
			};
			buildConfigurationList = 6C3F641918939DA6000332B5 /* Build configuration list for PBXProject "Blare" */;
			compatibilityVersion = "Xcode 3.2";
			developmentRegion = English;
			hasScannedForEncodings = 0;
			knownRegions = (
				en,
				Base,
			);
			mainGroup = 6C3F641518939DA6000332B5;
			productRefGroup = 6C3F641F18939DA6000332B5 /* Products */;
			projectDirPath = "";
			projectRoot = "";
			targets = (
				6C3F641D18939DA6000332B5 /* Blare */,
				6C3F643E18939DA6000332B5 /* BlareTests */,
			);
		};
/* End PBXProject section */

/* Begin PBXResourcesBuildPhase section */
		6C3F641C18939DA6000332B5 /* Resources */ = {
			isa = PBXResourcesBuildPhase;
			buildActionMask = 2147483647;
			files = (
				7084225A1893DDD100E48427 /* MainMenuBG.png in Resources */,
				708422561893DDD100E48427 /* listen@2x.png in Resources */,
				708422551893DDD100E48427 /* listen.png in Resources */,
				7084225C1893DDD100E48427 /* music.jpg in Resources */,
				7084225E1893DDD100E48427 /* NavBarBG@2x.png in Resources */,
				708422641893F05700E48427 /* HostBG@2x.png in Resources */,
				708422631893F05700E48427 /* HostBG.png in Resources */,
				6C3F643A18939DA6000332B5 /* Images.xcassets in Resources */,
				708422531893DDD100E48427 /* host.png in Resources */,
				708422571893DDD100E48427 /* logo.png in Resources */,
				708422541893DDD100E48427 /* host@2x.png in Resources */,
				7084225D1893DDD100E48427 /* NavBarBG.png in Resources */,
				6C3F642C18939DA6000332B5 /* InfoPlist.strings in Resources */,
				708422581893DDD100E48427 /* logo@2x.png in Resources */,
				7084225B1893DDD100E48427 /* MainMenuBG@2x.png in Resources */,
				708422591893DDD100E48427 /* MainMenuBG-568h@2x.png in Resources */,
				708422621893F05700E48427 /* HostBG-568h@2x.png in Resources */,
				6C3F643518939DA6000332B5 /* Main.storyboard in Resources */,
			);
			runOnlyForDeploymentPostprocessing = 0;
		};
		6C3F643D18939DA6000332B5 /* Resources */ = {
			isa = PBXResourcesBuildPhase;
			buildActionMask = 2147483647;
			files = (
				6C3F644B18939DA6000332B5 /* InfoPlist.strings in Resources */,
			);
			runOnlyForDeploymentPostprocessing = 0;
		};
/* End PBXResourcesBuildPhase section */

/* Begin PBXSourcesBuildPhase section */
		6C3F641A18939DA6000332B5 /* Sources */ = {
			isa = PBXSourcesBuildPhase;
			buildActionMask = 2147483647;
			files = (
				6C3F64821893AB4C000332B5 /* TDAudioOutputStreamer.m in Sources */,
				6C3F643218939DA6000332B5 /* AppDelegate.m in Sources */,
				6C3F64801893AB4C000332B5 /* TDAudioStream.m in Sources */,
				6C3F647B1893AB4C000332B5 /* TDAudioQueue.m in Sources */,
				6C3F64811893AB4C000332B5 /* TDAudioInputStreamer.m in Sources */,
				6C3F642E18939DA6000332B5 /* main.m in Sources */,
				07D433D41893C024002966BD /* HostViewController.m in Sources */,
				6C3F647D1893AB4C000332B5 /* TDAudioQueueBufferManager.m in Sources */,
				6C3F647A1893AB4C000332B5 /* TDAudioFileStream.m in Sources */,
				6C3F647C1893AB4C000332B5 /* TDAudioQueueBuffer.m in Sources */,
				07D433CB1893A7DA002966BD /* PlayListViewViewController.m in Sources */,
				6C3F645818939F58000332B5 /* HomeViewController.m in Sources */,
				6C3F64841893AB4C000332B5 /* TDAudioStreamerConstants.m in Sources */,
				6CD66EA71893FB56001932E2 /* TDMultipeerGuestViewController.m in Sources */,
				6C3F64831893AB4C000332B5 /* TDAudioStreamer.m in Sources */,
				6C3F647E1893AB4C000332B5 /* TDAudioQueueController.m in Sources */,
				6C3F647F1893AB4C000332B5 /* TDAudioQueueFiller.m in Sources */,
				6C3F64871893AC95000332B5 /* TDSession.m in Sources */,
				6CD66EA81893FB56001932E2 /* TDMultipeerHostViewController.m in Sources */,
				6C3F64791893AB4C000332B5 /* NSMutableArray+QueueMethods.m in Sources */,
			);
			runOnlyForDeploymentPostprocessing = 0;
		};
		6C3F643B18939DA6000332B5 /* Sources */ = {
			isa = PBXSourcesBuildPhase;
			buildActionMask = 2147483647;
			files = (
				6C3F644D18939DA6000332B5 /* BlareTests.m in Sources */,
			);
			runOnlyForDeploymentPostprocessing = 0;
		};
/* End PBXSourcesBuildPhase section */

/* Begin PBXTargetDependency section */
		6C3F644518939DA6000332B5 /* PBXTargetDependency */ = {
			isa = PBXTargetDependency;
			target = 6C3F641D18939DA6000332B5 /* Blare */;
			targetProxy = 6C3F644418939DA6000332B5 /* PBXContainerItemProxy */;
		};
/* End PBXTargetDependency section */

/* Begin PBXVariantGroup section */
		6C3F642A18939DA6000332B5 /* InfoPlist.strings */ = {
			isa = PBXVariantGroup;
			children = (
				6C3F642B18939DA6000332B5 /* en */,
			);
			name = InfoPlist.strings;
			sourceTree = "<group>";
		};
		6C3F643318939DA6000332B5 /* Main.storyboard */ = {
			isa = PBXVariantGroup;
			children = (
				6C3F643418939DA6000332B5 /* Base */,
			);
			name = Main.storyboard;
			sourceTree = "<group>";
		};
		6C3F644918939DA6000332B5 /* InfoPlist.strings */ = {
			isa = PBXVariantGroup;
			children = (
				6C3F644A18939DA6000332B5 /* en */,
			);
			name = InfoPlist.strings;
			sourceTree = "<group>";
		};
/* End PBXVariantGroup section */

/* Begin XCBuildConfiguration section */
		6C3F644E18939DA6000332B5 /* Debug */ = {
			isa = XCBuildConfiguration;
			buildSettings = {
				ALWAYS_SEARCH_USER_PATHS = NO;
				ARCHS = "$(ARCHS_STANDARD_INCLUDING_64_BIT)";
				CLANG_CXX_LANGUAGE_STANDARD = "gnu++0x";
				CLANG_CXX_LIBRARY = "libc++";
				CLANG_ENABLE_MODULES = YES;
				CLANG_ENABLE_OBJC_ARC = YES;
				CLANG_WARN_BOOL_CONVERSION = YES;
				CLANG_WARN_CONSTANT_CONVERSION = YES;
				CLANG_WARN_DIRECT_OBJC_ISA_USAGE = YES_ERROR;
				CLANG_WARN_EMPTY_BODY = YES;
				CLANG_WARN_ENUM_CONVERSION = YES;
				CLANG_WARN_INT_CONVERSION = YES;
				CLANG_WARN_OBJC_ROOT_CLASS = YES_ERROR;
				CLANG_WARN__DUPLICATE_METHOD_MATCH = YES;
				"CODE_SIGN_IDENTITY[sdk=iphoneos*]" = "iPhone Developer";
				COPY_PHASE_STRIP = NO;
				GCC_C_LANGUAGE_STANDARD = gnu99;
				GCC_DYNAMIC_NO_PIC = NO;
				GCC_OPTIMIZATION_LEVEL = 0;
				GCC_PREPROCESSOR_DEFINITIONS = (
					"DEBUG=1",
					"$(inherited)",
				);
				GCC_SYMBOLS_PRIVATE_EXTERN = NO;
				GCC_WARN_64_TO_32_BIT_CONVERSION = YES;
				GCC_WARN_ABOUT_RETURN_TYPE = YES_ERROR;
				GCC_WARN_UNDECLARED_SELECTOR = YES;
				GCC_WARN_UNINITIALIZED_AUTOS = YES;
				GCC_WARN_UNUSED_FUNCTION = YES;
				GCC_WARN_UNUSED_VARIABLE = YES;
				IPHONEOS_DEPLOYMENT_TARGET = 7.0;
				ONLY_ACTIVE_ARCH = YES;
				SDKROOT = iphoneos;
			};
			name = Debug;
		};
		6C3F644F18939DA6000332B5 /* Release */ = {
			isa = XCBuildConfiguration;
			buildSettings = {
				ALWAYS_SEARCH_USER_PATHS = NO;
				ARCHS = "$(ARCHS_STANDARD_INCLUDING_64_BIT)";
				CLANG_CXX_LANGUAGE_STANDARD = "gnu++0x";
				CLANG_CXX_LIBRARY = "libc++";
				CLANG_ENABLE_MODULES = YES;
				CLANG_ENABLE_OBJC_ARC = YES;
				CLANG_WARN_BOOL_CONVERSION = YES;
				CLANG_WARN_CONSTANT_CONVERSION = YES;
				CLANG_WARN_DIRECT_OBJC_ISA_USAGE = YES_ERROR;
				CLANG_WARN_EMPTY_BODY = YES;
				CLANG_WARN_ENUM_CONVERSION = YES;
				CLANG_WARN_INT_CONVERSION = YES;
				CLANG_WARN_OBJC_ROOT_CLASS = YES_ERROR;
				CLANG_WARN__DUPLICATE_METHOD_MATCH = YES;
				"CODE_SIGN_IDENTITY[sdk=iphoneos*]" = "iPhone Developer";
				COPY_PHASE_STRIP = YES;
				ENABLE_NS_ASSERTIONS = NO;
				GCC_C_LANGUAGE_STANDARD = gnu99;
				GCC_WARN_64_TO_32_BIT_CONVERSION = YES;
				GCC_WARN_ABOUT_RETURN_TYPE = YES_ERROR;
				GCC_WARN_UNDECLARED_SELECTOR = YES;
				GCC_WARN_UNINITIALIZED_AUTOS = YES;
				GCC_WARN_UNUSED_FUNCTION = YES;
				GCC_WARN_UNUSED_VARIABLE = YES;
				IPHONEOS_DEPLOYMENT_TARGET = 7.0;
				SDKROOT = iphoneos;
				VALIDATE_PRODUCT = YES;
			};
			name = Release;
		};
		6C3F645118939DA6000332B5 /* Debug */ = {
			isa = XCBuildConfiguration;
			buildSettings = {
				ASSETCATALOG_COMPILER_APPICON_NAME = AppIcon;
				ASSETCATALOG_COMPILER_LAUNCHIMAGE_NAME = LaunchImage;
				GCC_PRECOMPILE_PREFIX_HEADER = YES;
				GCC_PREFIX_HEADER = "Blare/Blare-Prefix.pch";
				INFOPLIST_FILE = "Blare/Blare-Info.plist";
				PRODUCT_NAME = "$(TARGET_NAME)";
				WRAPPER_EXTENSION = app;
			};
			name = Debug;
		};
		6C3F645218939DA6000332B5 /* Release */ = {
			isa = XCBuildConfiguration;
			buildSettings = {
				ASSETCATALOG_COMPILER_APPICON_NAME = AppIcon;
				ASSETCATALOG_COMPILER_LAUNCHIMAGE_NAME = LaunchImage;
				GCC_PRECOMPILE_PREFIX_HEADER = YES;
				GCC_PREFIX_HEADER = "Blare/Blare-Prefix.pch";
				INFOPLIST_FILE = "Blare/Blare-Info.plist";
				PRODUCT_NAME = "$(TARGET_NAME)";
				WRAPPER_EXTENSION = app;
			};
			name = Release;
		};
		6C3F645418939DA6000332B5 /* Debug */ = {
			isa = XCBuildConfiguration;
			buildSettings = {
				ARCHS = "$(ARCHS_STANDARD_INCLUDING_64_BIT)";
				BUNDLE_LOADER = "$(BUILT_PRODUCTS_DIR)/Blare.app/Blare";
				FRAMEWORK_SEARCH_PATHS = (
					"$(SDKROOT)/Developer/Library/Frameworks",
					"$(inherited)",
					"$(DEVELOPER_FRAMEWORKS_DIR)",
				);
				GCC_PRECOMPILE_PREFIX_HEADER = YES;
				GCC_PREFIX_HEADER = "Blare/Blare-Prefix.pch";
				GCC_PREPROCESSOR_DEFINITIONS = (
					"DEBUG=1",
					"$(inherited)",
				);
				INFOPLIST_FILE = "BlareTests/BlareTests-Info.plist";
				PRODUCT_NAME = "$(TARGET_NAME)";
				TEST_HOST = "$(BUNDLE_LOADER)";
				WRAPPER_EXTENSION = xctest;
			};
			name = Debug;
		};
		6C3F645518939DA6000332B5 /* Release */ = {
			isa = XCBuildConfiguration;
			buildSettings = {
				ARCHS = "$(ARCHS_STANDARD_INCLUDING_64_BIT)";
				BUNDLE_LOADER = "$(BUILT_PRODUCTS_DIR)/Blare.app/Blare";
				FRAMEWORK_SEARCH_PATHS = (
					"$(SDKROOT)/Developer/Library/Frameworks",
					"$(inherited)",
					"$(DEVELOPER_FRAMEWORKS_DIR)",
				);
				GCC_PRECOMPILE_PREFIX_HEADER = YES;
				GCC_PREFIX_HEADER = "Blare/Blare-Prefix.pch";
				INFOPLIST_FILE = "BlareTests/BlareTests-Info.plist";
				PRODUCT_NAME = "$(TARGET_NAME)";
				TEST_HOST = "$(BUNDLE_LOADER)";
				WRAPPER_EXTENSION = xctest;
			};
			name = Release;
		};
/* End XCBuildConfiguration section */

/* Begin XCConfigurationList section */
		6C3F641918939DA6000332B5 /* Build configuration list for PBXProject "Blare" */ = {
			isa = XCConfigurationList;
			buildConfigurations = (
				6C3F644E18939DA6000332B5 /* Debug */,
				6C3F644F18939DA6000332B5 /* Release */,
			);
			defaultConfigurationIsVisible = 0;
			defaultConfigurationName = Release;
		};
		6C3F645018939DA6000332B5 /* Build configuration list for PBXNativeTarget "Blare" */ = {
			isa = XCConfigurationList;
			buildConfigurations = (
				6C3F645118939DA6000332B5 /* Debug */,
				6C3F645218939DA6000332B5 /* Release */,
			);
			defaultConfigurationIsVisible = 0;
			defaultConfigurationName = Release;
		};
		6C3F645318939DA6000332B5 /* Build configuration list for PBXNativeTarget "BlareTests" */ = {
			isa = XCConfigurationList;
			buildConfigurations = (
				6C3F645418939DA6000332B5 /* Debug */,
				6C3F645518939DA6000332B5 /* Release */,
			);
			defaultConfigurationIsVisible = 0;
			defaultConfigurationName = Release;
		};
/* End XCConfigurationList section */
	};
	rootObject = 6C3F641618939DA6000332B5 /* Project object */;
}
